// !$*UTF8*$!
{
	archiveVersion = 1;
	classes = {
	};
	objectVersion = 50;
	objects = {

/* Begin PBXBuildFile section */
		ACBDC41323FB128B00755266 /* AppDelegate.swift in Sources */ = {isa = PBXBuildFile; fileRef = ACBDC41223FB128B00755266 /* AppDelegate.swift */; };
		ACBDC41523FB128B00755266 /* SceneDelegate.swift in Sources */ = {isa = PBXBuildFile; fileRef = ACBDC41423FB128B00755266 /* SceneDelegate.swift */; };
		ACBDC41723FB128B00755266 /* ViewController.swift in Sources */ = {isa = PBXBuildFile; fileRef = ACBDC41623FB128B00755266 /* ViewController.swift */; };
		ACBDC41A23FB128B00755266 /* Main.storyboard in Resources */ = {isa = PBXBuildFile; fileRef = ACBDC41823FB128B00755266 /* Main.storyboard */; };
		ACBDC41C23FB128F00755266 /* Assets.xcassets in Resources */ = {isa = PBXBuildFile; fileRef = ACBDC41B23FB128F00755266 /* Assets.xcassets */; };
		ACBDC41F23FB128F00755266 /* LaunchScreen.storyboard in Resources */ = {isa = PBXBuildFile; fileRef = ACBDC41D23FB128F00755266 /* LaunchScreen.storyboard */; };
		ACBDC42723FB12D900755266 /* Coordinator.swift in Sources */ = {isa = PBXBuildFile; fileRef = ACBDC42623FB12D900755266 /* Coordinator.swift */; };
		ACBDC42B23FB16D900755266 /* Storyboarded.swift in Sources */ = {isa = PBXBuildFile; fileRef = ACBDC42A23FB16D900755266 /* Storyboarded.swift */; };
		ACBDC43023FB17EE00755266 /* MainCoordinator.swift in Sources */ = {isa = PBXBuildFile; fileRef = ACBDC42F23FB17EE00755266 /* MainCoordinator.swift */; };
		ACBDC43223FB20F800755266 /* BuyViewController.swift in Sources */ = {isa = PBXBuildFile; fileRef = ACBDC43123FB20F800755266 /* BuyViewController.swift */; };
		ACBDC43423FB210100755266 /* SellViewController.swift in Sources */ = {isa = PBXBuildFile; fileRef = ACBDC43323FB210100755266 /* SellViewController.swift */; };
/* End PBXBuildFile section */

/* Begin PBXFileReference section */
		ACBDC40F23FB128B00755266 /* Coordinator.app */ = {isa = PBXFileReference; explicitFileType = wrapper.application; includeInIndex = 0; path = Coordinator.app; sourceTree = BUILT_PRODUCTS_DIR; };
		ACBDC41223FB128B00755266 /* AppDelegate.swift */ = {isa = PBXFileReference; lastKnownFileType = sourcecode.swift; path = AppDelegate.swift; sourceTree = "<group>"; };
		ACBDC41423FB128B00755266 /* SceneDelegate.swift */ = {isa = PBXFileReference; lastKnownFileType = sourcecode.swift; path = SceneDelegate.swift; sourceTree = "<group>"; };
		ACBDC41623FB128B00755266 /* ViewController.swift */ = {isa = PBXFileReference; lastKnownFileType = sourcecode.swift; path = ViewController.swift; sourceTree = "<group>"; };
		ACBDC41923FB128B00755266 /* Base */ = {isa = PBXFileReference; lastKnownFileType = file.storyboard; name = Base; path = Base.lproj/Main.storyboard; sourceTree = "<group>"; };
		ACBDC41B23FB128F00755266 /* Assets.xcassets */ = {isa = PBXFileReference; lastKnownFileType = folder.assetcatalog; path = Assets.xcassets; sourceTree = "<group>"; };
		ACBDC41E23FB128F00755266 /* Base */ = {isa = PBXFileReference; lastKnownFileType = file.storyboard; name = Base; path = Base.lproj/LaunchScreen.storyboard; sourceTree = "<group>"; };
		ACBDC42023FB128F00755266 /* Info.plist */ = {isa = PBXFileReference; lastKnownFileType = text.plist.xml; path = Info.plist; sourceTree = "<group>"; };
		ACBDC42623FB12D900755266 /* Coordinator.swift */ = {isa = PBXFileReference; lastKnownFileType = sourcecode.swift; path = Coordinator.swift; sourceTree = "<group>"; };
		ACBDC42A23FB16D900755266 /* Storyboarded.swift */ = {isa = PBXFileReference; lastKnownFileType = sourcecode.swift; path = Storyboarded.swift; sourceTree = "<group>"; };
		ACBDC42F23FB17EE00755266 /* MainCoordinator.swift */ = {isa = PBXFileReference; lastKnownFileType = sourcecode.swift; path = MainCoordinator.swift; sourceTree = "<group>"; };
		ACBDC43123FB20F800755266 /* BuyViewController.swift */ = {isa = PBXFileReference; lastKnownFileType = sourcecode.swift; path = BuyViewController.swift; sourceTree = "<group>"; };
		ACBDC43323FB210100755266 /* SellViewController.swift */ = {isa = PBXFileReference; lastKnownFileType = sourcecode.swift; path = SellViewController.swift; sourceTree = "<group>"; };
/* End PBXFileReference section */

/* Begin PBXFrameworksBuildPhase section */
		ACBDC40C23FB128B00755266 /* Frameworks */ = {
			isa = PBXFrameworksBuildPhase;
			buildActionMask = 2147483647;
			files = (
			);
			runOnlyForDeploymentPostprocessing = 0;
		};
/* End PBXFrameworksBuildPhase section */

/* Begin PBXGroup section */
		ACBDC40623FB128B00755266 = {
			isa = PBXGroup;
			children = (
				ACBDC41123FB128B00755266 /* Coordinator */,
				ACBDC41023FB128B00755266 /* Products */,
			);
			sourceTree = "<group>";
		};
		ACBDC41023FB128B00755266 /* Products */ = {
			isa = PBXGroup;
			children = (
				ACBDC40F23FB128B00755266 /* Coordinator.app */,
			);
			name = Products;
			sourceTree = "<group>";
		};
		ACBDC41123FB128B00755266 /* Coordinator */ = {
			isa = PBXGroup;
			children = (
				ACBDC42E23FB170600755266 /* Controller */,
				ACBDC42D23FB16FE00755266 /* View */,
				ACBDC42C23FB16F800755266 /* Model */,
				ACBDC41223FB128B00755266 /* AppDelegate.swift */,
				ACBDC41423FB128B00755266 /* SceneDelegate.swift */,
				ACBDC41B23FB128F00755266 /* Assets.xcassets */,
				ACBDC42023FB128F00755266 /* Info.plist */,
			);
			path = Coordinator;
			sourceTree = "<group>";
		};
		ACBDC42C23FB16F800755266 /* Model */ = {
			isa = PBXGroup;
			children = (
				ACBDC42623FB12D900755266 /* Coordinator.swift */,
				ACBDC42A23FB16D900755266 /* Storyboarded.swift */,
				ACBDC42F23FB17EE00755266 /* MainCoordinator.swift */,
			);
			path = Model;
			sourceTree = "<group>";
		};
		ACBDC42D23FB16FE00755266 /* View */ = {
			isa = PBXGroup;
			children = (
				ACBDC41823FB128B00755266 /* Main.storyboard */,
				ACBDC41D23FB128F00755266 /* LaunchScreen.storyboard */,
			);
			path = View;
			sourceTree = "<group>";
		};
		ACBDC42E23FB170600755266 /* Controller */ = {
			isa = PBXGroup;
			children = (
				ACBDC41623FB128B00755266 /* ViewController.swift */,
				ACBDC43123FB20F800755266 /* BuyViewController.swift */,
				ACBDC43323FB210100755266 /* SellViewController.swift */,
			);
			path = Controller;
			sourceTree = "<group>";
		};
/* End PBXGroup section */

/* Begin PBXNativeTarget section */
		ACBDC40E23FB128B00755266 /* Coordinator */ = {
			isa = PBXNativeTarget;
			buildConfigurationList = ACBDC42323FB128F00755266 /* Build configuration list for PBXNativeTarget "Coordinator" */;
			buildPhases = (
				ACBDC40B23FB128B00755266 /* Sources */,
				ACBDC40C23FB128B00755266 /* Frameworks */,
				ACBDC40D23FB128B00755266 /* Resources */,
			);
			buildRules = (
			);
			dependencies = (
			);
			name = Coordinator;
			productName = Coordinator;
			productReference = ACBDC40F23FB128B00755266 /* Coordinator.app */;
			productType = "com.apple.product-type.application";
		};
/* End PBXNativeTarget section */

/* Begin PBXProject section */
		ACBDC40723FB128B00755266 /* Project object */ = {
			isa = PBXProject;
			attributes = {
				LastSwiftUpdateCheck = 1130;
				LastUpgradeCheck = 1130;
				ORGANIZATIONNAME = "Guilherme Martins Dalosto de Oliveira";
				TargetAttributes = {
					ACBDC40E23FB128B00755266 = {
						CreatedOnToolsVersion = 11.3;
					};
				};
			};
			buildConfigurationList = ACBDC40A23FB128B00755266 /* Build configuration list for PBXProject "Coordinator" */;
			compatibilityVersion = "Xcode 9.3";
			developmentRegion = en;
			hasScannedForEncodings = 0;
			knownRegions = (
				en,
				Base,
			);
			mainGroup = ACBDC40623FB128B00755266;
			productRefGroup = ACBDC41023FB128B00755266 /* Products */;
			projectDirPath = "";
			projectRoot = "";
			targets = (
				ACBDC40E23FB128B00755266 /* Coordinator */,
			);
		};
/* End PBXProject section */

/* Begin PBXResourcesBuildPhase section */
		ACBDC40D23FB128B00755266 /* Resources */ = {
			isa = PBXResourcesBuildPhase;
			buildActionMask = 2147483647;
			files = (
				ACBDC41F23FB128F00755266 /* LaunchScreen.storyboard in Resources */,
				ACBDC41C23FB128F00755266 /* Assets.xcassets in Resources */,
				ACBDC41A23FB128B00755266 /* Main.storyboard in Resources */,
			);
			runOnlyForDeploymentPostprocessing = 0;
		};
/* End PBXResourcesBuildPhase section */

/* Begin PBXSourcesBuildPhase section */
		ACBDC40B23FB128B00755266 /* Sources */ = {
			isa = PBXSourcesBuildPhase;
			buildActionMask = 2147483647;
			files = (
				ACBDC42723FB12D900755266 /* Coordinator.swift in Sources */,
				ACBDC43023FB17EE00755266 /* MainCoordinator.swift in Sources */,
				ACBDC43423FB210100755266 /* SellViewController.swift in Sources */,
				ACBDC41723FB128B00755266 /* ViewController.swift in Sources */,
				ACBDC42B23FB16D900755266 /* Storyboarded.swift in Sources */,
				ACBDC41323FB128B00755266 /* AppDelegate.swift in Sources */,
				ACBDC43223FB20F800755266 /* BuyViewController.swift in Sources */,
				ACBDC41523FB128B00755266 /* SceneDelegate.swift in Sources */,
			);
			runOnlyForDeploymentPostprocessing = 0;
		};
/* End PBXSourcesBuildPhase section */

/* Begin PBXVariantGroup section */
		ACBDC41823FB128B00755266 /* Main.storyboard */ = {
			isa = PBXVariantGroup;
			children = (
				ACBDC41923FB128B00755266 /* Base */,
			);
			name = Main.storyboard;
			sourceTree = "<group>";
		};
		ACBDC41D23FB128F00755266 /* LaunchScreen.storyboard */ = {
			isa = PBXVariantGroup;
			children = (
				ACBDC41E23FB128F00755266 /* Base */,
			);
			name = LaunchScreen.storyboard;
			sourceTree = "<group>";
		};
/* End PBXVariantGroup section */

/* Begin XCBuildConfiguration section */
		ACBDC42123FB128F00755266 /* Debug */ = {
			isa = XCBuildConfiguration;
			buildSettings = {
				ALWAYS_SEARCH_USER_PATHS = NO;
				CLANG_ANALYZER_NONNULL = YES;
				CLANG_ANALYZER_NUMBER_OBJECT_CONVERSION = YES_AGGRESSIVE;
				CLANG_CXX_LANGUAGE_STANDARD = "gnu++14";
				CLANG_CXX_LIBRARY = "libc++";
				CLANG_ENABLE_MODULES = YES;
				CLANG_ENABLE_OBJC_ARC = YES;
				CLANG_ENABLE_OBJC_WEAK = YES;
				CLANG_WARN_BLOCK_CAPTURE_AUTORELEASING = YES;
				CLANG_WARN_BOOL_CONVERSION = YES;
				CLANG_WARN_COMMA = YES;
				CLANG_WARN_CONSTANT_CONVERSION = YES;
				CLANG_WARN_DEPRECATED_OBJC_IMPLEMENTATIONS = YES;
				CLANG_WARN_DIRECT_OBJC_ISA_USAGE = YES_ERROR;
				CLANG_WARN_DOCUMENTATION_COMMENTS = YES;
				CLANG_WARN_EMPTY_BODY = YES;
				CLANG_WARN_ENUM_CONVERSION = YES;
				CLANG_WARN_INFINITE_RECURSION = YES;
				CLANG_WARN_INT_CONVERSION = YES;
				CLANG_WARN_NON_LITERAL_NULL_CONVERSION = YES;
				CLANG_WARN_OBJC_IMPLICIT_RETAIN_SELF = YES;
				CLANG_WARN_OBJC_LITERAL_CONVERSION = YES;
				CLANG_WARN_OBJC_ROOT_CLASS = YES_ERROR;
				CLANG_WARN_RANGE_LOOP_ANALYSIS = YES;
				CLANG_WARN_STRICT_PROTOTYPES = YES;
				CLANG_WARN_SUSPICIOUS_MOVE = YES;
				CLANG_WARN_UNGUARDED_AVAILABILITY = YES_AGGRESSIVE;
				CLANG_WARN_UNREACHABLE_CODE = YES;
				CLANG_WARN__DUPLICATE_METHOD_MATCH = YES;
				COPY_PHASE_STRIP = NO;
				DEBUG_INFORMATION_FORMAT = dwarf;
				ENABLE_STRICT_OBJC_MSGSEND = YES;
				ENABLE_TESTABILITY = YES;
				GCC_C_LANGUAGE_STANDARD = gnu11;
				GCC_DYNAMIC_NO_PIC = NO;
				GCC_NO_COMMON_BLOCKS = YES;
				GCC_OPTIMIZATION_LEVEL = 0;
				GCC_PREPROCESSOR_DEFINITIONS = (
					"DEBUG=1",
					"$(inherited)",
				);
				GCC_WARN_64_TO_32_BIT_CONVERSION = YES;
				GCC_WARN_ABOUT_RETURN_TYPE = YES_ERROR;
				GCC_WARN_UNDECLARED_SELECTOR = YES;
				GCC_WARN_UNINITIALIZED_AUTOS = YES_AGGRESSIVE;
				GCC_WARN_UNUSED_FUNCTION = YES;
				GCC_WARN_UNUSED_VARIABLE = YES;
				IPHONEOS_DEPLOYMENT_TARGET = 13.2;
				MTL_ENABLE_DEBUG_INFO = INCLUDE_SOURCE;
				MTL_FAST_MATH = YES;
				ONLY_ACTIVE_ARCH = YES;
				SDKROOT = iphoneos;
				SWIFT_ACTIVE_COMPILATION_CONDITIONS = DEBUG;
				SWIFT_OPTIMIZATION_LEVEL = "-Onone";
			};
			name = Debug;
		};
		ACBDC42223FB128F00755266 /* Release */ = {
			isa = XCBuildConfiguration;
			buildSettings = {
				ALWAYS_SEARCH_USER_PATHS = NO;
				CLANG_ANALYZER_NONNULL = YES;
				CLANG_ANALYZER_NUMBER_OBJECT_CONVERSION = YES_AGGRESSIVE;
				CLANG_CXX_LANGUAGE_STANDARD = "gnu++14";
				CLANG_CXX_LIBRARY = "libc++";
				CLANG_ENABLE_MODULES = YES;
				CLANG_ENABLE_OBJC_ARC = YES;
				CLANG_ENABLE_OBJC_WEAK = YES;
				CLANG_WARN_BLOCK_CAPTURE_AUTORELEASING = YES;
				CLANG_WARN_BOOL_CONVERSION = YES;
				CLANG_WARN_COMMA = YES;
				CLANG_WARN_CONSTANT_CONVERSION = YES;
				CLANG_WARN_DEPRECATED_OBJC_IMPLEMENTATIONS = YES;
				CLANG_WARN_DIRECT_OBJC_ISA_USAGE = YES_ERROR;
				CLANG_WARN_DOCUMENTATION_COMMENTS = YES;
				CLANG_WARN_EMPTY_BODY = YES;
				CLANG_WARN_ENUM_CONVERSION = YES;
				CLANG_WARN_INFINITE_RECURSION = YES;
				CLANG_WARN_INT_CONVERSION = YES;
				CLANG_WARN_NON_LITERAL_NULL_CONVERSION = YES;
				CLANG_WARN_OBJC_IMPLICIT_RETAIN_SELF = YES;
				CLANG_WARN_OBJC_LITERAL_CONVERSION = YES;
				CLANG_WARN_OBJC_ROOT_CLASS = YES_ERROR;
				CLANG_WARN_RANGE_LOOP_ANALYSIS = YES;
				CLANG_WARN_STRICT_PROTOTYPES = YES;
				CLANG_WARN_SUSPICIOUS_MOVE = YES;
				CLANG_WARN_UNGUARDED_AVAILABILITY = YES_AGGRESSIVE;
				CLANG_WARN_UNREACHABLE_CODE = YES;
				CLANG_WARN__DUPLICATE_METHOD_MATCH = YES;
				COPY_PHASE_STRIP = NO;
				DEBUG_INFORMATION_FORMAT = "dwarf-with-dsym";
				ENABLE_NS_ASSERTIONS = NO;
				ENABLE_STRICT_OBJC_MSGSEND = YES;
				GCC_C_LANGUAGE_STANDARD = gnu11;
				GCC_NO_COMMON_BLOCKS = YES;
				GCC_WARN_64_TO_32_BIT_CONVERSION = YES;
				GCC_WARN_ABOUT_RETURN_TYPE = YES_ERROR;
				GCC_WARN_UNDECLARED_SELECTOR = YES;
				GCC_WARN_UNINITIALIZED_AUTOS = YES_AGGRESSIVE;
				GCC_WARN_UNUSED_FUNCTION = YES;
				GCC_WARN_UNUSED_VARIABLE = YES;
				IPHONEOS_DEPLOYMENT_TARGET = 13.2;
				MTL_ENABLE_DEBUG_INFO = NO;
				MTL_FAST_MATH = YES;
				SDKROOT = iphoneos;
				SWIFT_COMPILATION_MODE = wholemodule;
				SWIFT_OPTIMIZATION_LEVEL = "-O";
				VALIDATE_PRODUCT = YES;
			};
			name = Release;
		};
		ACBDC42423FB128F00755266 /* Debug */ = {
			isa = XCBuildConfiguration;
			buildSettings = {
				ASSETCATALOG_COMPILER_APPICON_NAME = AppIcon;
				CODE_SIGN_STYLE = Automatic;
				DEVELOPMENT_TEAM = 7YWK9C69PH;
				INFOPLIST_FILE = Coordinator/Info.plist;
				LD_RUNPATH_SEARCH_PATHS = (
					"$(inherited)",
					"@executable_path/Frameworks",
				);
				PRODUCT_BUNDLE_IDENTIFIER = Academy.Coordinator;
				PRODUCT_NAME = "$(TARGET_NAME)";
				SWIFT_VERSION = 5.0;
				TARGETED_DEVICE_FAMILY = "1,2";
			};
			name = Debug;
		};
		ACBDC42523FB128F00755266 /* Release */ = {
			isa = XCBuildConfiguration;
			buildSettings = {
				ASSETCATALOG_COMPILER_APPICON_NAME = AppIcon;
				CODE_SIGN_STYLE = Automatic;
				DEVELOPMENT_TEAM = 7YWK9C69PH;
				INFOPLIST_FILE = Coordinator/Info.plist;
				LD_RUNPATH_SEARCH_PATHS = (
					"$(inherited)",
					"@executable_path/Frameworks",
				);
				PRODUCT_BUNDLE_IDENTIFIER = Academy.Coordinator;
				PRODUCT_NAME = "$(TARGET_NAME)";
				SWIFT_VERSION = 5.0;
				TARGETED_DEVICE_FAMILY = "1,2";
			};
			name = Release;
		};
/* End XCBuildConfiguration section */

/* Begin XCConfigurationList section */
		ACBDC40A23FB128B00755266 /* Build configuration list for PBXProject "Coordinator" */ = {
			isa = XCConfigurationList;
			buildConfigurations = (
				ACBDC42123FB128F00755266 /* Debug */,
				ACBDC42223FB128F00755266 /* Release */,
			);
			defaultConfigurationIsVisible = 0;
			defaultConfigurationName = Release;
		};
		ACBDC42323FB128F00755266 /* Build configuration list for PBXNativeTarget "Coordinator" */ = {
			isa = XCConfigurationList;
			buildConfigurations = (
				ACBDC42423FB128F00755266 /* Debug */,
				ACBDC42523FB128F00755266 /* Release */,
			);
			defaultConfigurationIsVisible = 0;
			defaultConfigurationName = Release;
		};
/* End XCConfigurationList section */
	};
	rootObject = ACBDC40723FB128B00755266 /* Project object */;
}
