// !$*UTF8*$!
{
	archiveVersion = 1;
	classes = {
	};
	objectVersion = 50;
	objects = {

/* Begin PBXBuildFile section */
		236CF23F2401FD8B005D4EA4 /* AppDelegate.swift in Sources */ = {isa = PBXBuildFile; fileRef = 236CF23E2401FD8B005D4EA4 /* AppDelegate.swift */; };
		236CF2412401FD8B005D4EA4 /* SceneDelegate.swift in Sources */ = {isa = PBXBuildFile; fileRef = 236CF2402401FD8B005D4EA4 /* SceneDelegate.swift */; };
		236CF2432401FD8B005D4EA4 /* ViewController.swift in Sources */ = {isa = PBXBuildFile; fileRef = 236CF2422401FD8B005D4EA4 /* ViewController.swift */; };
		236CF2482401FD90005D4EA4 /* Assets.xcassets in Resources */ = {isa = PBXBuildFile; fileRef = 236CF2472401FD90005D4EA4 /* Assets.xcassets */; };
		236CF24B2401FD90005D4EA4 /* LaunchScreen.storyboard in Resources */ = {isa = PBXBuildFile; fileRef = 236CF2492401FD90005D4EA4 /* LaunchScreen.storyboard */; };
		236CF2532401FDA3005D4EA4 /* Main.storyboard in Resources */ = {isa = PBXBuildFile; fileRef = 236CF2522401FDA3005D4EA4 /* Main.storyboard */; };
/* End PBXBuildFile section */

/* Begin PBXFileReference section */
		236CF23B2401FD8B005D4EA4 /* Teste.app */ = {isa = PBXFileReference; explicitFileType = wrapper.application; includeInIndex = 0; path = Teste.app; sourceTree = BUILT_PRODUCTS_DIR; };
		236CF23E2401FD8B005D4EA4 /* AppDelegate.swift */ = {isa = PBXFileReference; lastKnownFileType = sourcecode.swift; path = AppDelegate.swift; sourceTree = "<group>"; };
		236CF2402401FD8B005D4EA4 /* SceneDelegate.swift */ = {isa = PBXFileReference; lastKnownFileType = sourcecode.swift; path = SceneDelegate.swift; sourceTree = "<group>"; };
		236CF2422401FD8B005D4EA4 /* ViewController.swift */ = {isa = PBXFileReference; lastKnownFileType = sourcecode.swift; path = ViewController.swift; sourceTree = "<group>"; };
		236CF2472401FD90005D4EA4 /* Assets.xcassets */ = {isa = PBXFileReference; lastKnownFileType = folder.assetcatalog; path = Assets.xcassets; sourceTree = "<group>"; };
		236CF24A2401FD90005D4EA4 /* Base */ = {isa = PBXFileReference; lastKnownFileType = file.storyboard; name = Base; path = Base.lproj/LaunchScreen.storyboard; sourceTree = "<group>"; };
		236CF24C2401FD90005D4EA4 /* Info.plist */ = {isa = PBXFileReference; lastKnownFileType = text.plist.xml; path = Info.plist; sourceTree = "<group>"; };
		236CF2522401FDA3005D4EA4 /* Main.storyboard */ = {isa = PBXFileReference; lastKnownFileType = file.storyboard; path = Main.storyboard; sourceTree = "<group>"; };
/* End PBXFileReference section */

/* Begin PBXFrameworksBuildPhase section */
		236CF2382401FD8B005D4EA4 /* Frameworks */ = {
			isa = PBXFrameworksBuildPhase;
			buildActionMask = 2147483647;
			files = (
			);
			runOnlyForDeploymentPostprocessing = 0;
		};
/* End PBXFrameworksBuildPhase section */

/* Begin PBXGroup section */
		236CF2322401FD8B005D4EA4 = {
			isa = PBXGroup;
			children = (
				236CF23D2401FD8B005D4EA4 /* Teste */,
				236CF23C2401FD8B005D4EA4 /* Products */,
			);
			sourceTree = "<group>";
		};
		236CF23C2401FD8B005D4EA4 /* Products */ = {
			isa = PBXGroup;
			children = (
				236CF23B2401FD8B005D4EA4 /* Teste.app */,
			);
			name = Products;
			sourceTree = "<group>";
		};
		236CF23D2401FD8B005D4EA4 /* Teste */ = {
			isa = PBXGroup;
			children = (
				236CF23E2401FD8B005D4EA4 /* AppDelegate.swift */,
				236CF2402401FD8B005D4EA4 /* SceneDelegate.swift */,
				236CF2422401FD8B005D4EA4 /* ViewController.swift */,
				236CF2472401FD90005D4EA4 /* Assets.xcassets */,
				236CF2492401FD90005D4EA4 /* LaunchScreen.storyboard */,
				236CF24C2401FD90005D4EA4 /* Info.plist */,
				236CF2522401FDA3005D4EA4 /* Main.storyboard */,
			);
			path = Teste;
			sourceTree = "<group>";
		};
/* End PBXGroup section */

/* Begin PBXNativeTarget section */
		236CF23A2401FD8B005D4EA4 /* Teste */ = {
			isa = PBXNativeTarget;
			buildConfigurationList = 236CF24F2401FD90005D4EA4 /* Build configuration list for PBXNativeTarget "Teste" */;
			buildPhases = (
				236CF2372401FD8B005D4EA4 /* Sources */,
				236CF2382401FD8B005D4EA4 /* Frameworks */,
				236CF2392401FD8B005D4EA4 /* Resources */,
			);
			buildRules = (
			);
			dependencies = (
			);
			name = Teste;
			productName = Teste;
			productReference = 236CF23B2401FD8B005D4EA4 /* Teste.app */;
			productType = "com.apple.product-type.application";
		};
/* End PBXNativeTarget section */

/* Begin PBXProject section */
		236CF2332401FD8B005D4EA4 /* Project object */ = {
			isa = PBXProject;
			attributes = {
				LastSwiftUpdateCheck = 1120;
				LastUpgradeCheck = 1120;
				ORGANIZATIONNAME = "Paulo Ricardo";
				TargetAttributes = {
					236CF23A2401FD8B005D4EA4 = {
						CreatedOnToolsVersion = 11.2;
					};
				};
			};
			buildConfigurationList = 236CF2362401FD8B005D4EA4 /* Build configuration list for PBXProject "Teste" */;
			compatibilityVersion = "Xcode 9.3";
			developmentRegion = en;
			hasScannedForEncodings = 0;
			knownRegions = (
				en,
				Base,
			);
			mainGroup = 236CF2322401FD8B005D4EA4;
			productRefGroup = 236CF23C2401FD8B005D4EA4 /* Products */;
			projectDirPath = "";
			projectRoot = "";
			targets = (
				236CF23A2401FD8B005D4EA4 /* Teste */,
			);
		};
/* End PBXProject section */

/* Begin PBXResourcesBuildPhase section */
		236CF2392401FD8B005D4EA4 /* Resources */ = {
			isa = PBXResourcesBuildPhase;
			buildActionMask = 2147483647;
			files = (
				236CF2532401FDA3005D4EA4 /* Main.storyboard in Resources */,
				236CF24B2401FD90005D4EA4 /* LaunchScreen.storyboard in Resources */,
				236CF2482401FD90005D4EA4 /* Assets.xcassets in Resources */,
			);
			runOnlyForDeploymentPostprocessing = 0;
		};
/* End PBXResourcesBuildPhase section */

/* Begin PBXSourcesBuildPhase section */
		236CF2372401FD8B005D4EA4 /* Sources */ = {
			isa = PBXSourcesBuildPhase;
			buildActionMask = 2147483647;
			files = (
				236CF2432401FD8B005D4EA4 /* ViewController.swift in Sources */,
				236CF23F2401FD8B005D4EA4 /* AppDelegate.swift in Sources */,
				236CF2412401FD8B005D4EA4 /* SceneDelegate.swift in Sources */,
			);
			runOnlyForDeploymentPostprocessing = 0;
		};
/* End PBXSourcesBuildPhase section */

/* Begin PBXVariantGroup section */
		236CF2492401FD90005D4EA4 /* LaunchScreen.storyboard */ = {
			isa = PBXVariantGroup;
			children = (
				236CF24A2401FD90005D4EA4 /* Base */,
			);
			name = LaunchScreen.storyboard;
			sourceTree = "<group>";
		};
/* End PBXVariantGroup section */

/* Begin XCBuildConfiguration section */
		236CF24D2401FD90005D4EA4 /* Debug */ = {
			isa = XCBuildConfiguration;
			buildSettings = {
				ALWAYS_SEARCH_USER_PATHS = NO;
				CLANG_ANALYZER_NONNULL = YES;
				CLANG_ANALYZER_NUMBER_OBJECT_CONVERSION = YES_AGGRESSIVE;
				CLANG_CXX_LANGUAGE_STANDARD = "gnu++14";
				CLANG_CXX_LIBRARY = "libc++";
				CLANG_ENABLE_MODULES = YES;
				CLANG_ENABLE_OBJC_ARC = YES;
				CLANG_ENABLE_OBJC_WEAK = YES;
				CLANG_WARN_BLOCK_CAPTURE_AUTORELEASING = YES;
				CLANG_WARN_BOOL_CONVERSION = YES;
				CLANG_WARN_COMMA = YES;
				CLANG_WARN_CONSTANT_CONVERSION = YES;
				CLANG_WARN_DEPRECATED_OBJC_IMPLEMENTATIONS = YES;
				CLANG_WARN_DIRECT_OBJC_ISA_USAGE = YES_ERROR;
				CLANG_WARN_DOCUMENTATION_COMMENTS = YES;
				CLANG_WARN_EMPTY_BODY = YES;
				CLANG_WARN_ENUM_CONVERSION = YES;
				CLANG_WARN_INFINITE_RECURSION = YES;
				CLANG_WARN_INT_CONVERSION = YES;
				CLANG_WARN_NON_LITERAL_NULL_CONVERSION = YES;
				CLANG_WARN_OBJC_IMPLICIT_RETAIN_SELF = YES;
				CLANG_WARN_OBJC_LITERAL_CONVERSION = YES;
				CLANG_WARN_OBJC_ROOT_CLASS = YES_ERROR;
				CLANG_WARN_RANGE_LOOP_ANALYSIS = YES;
				CLANG_WARN_STRICT_PROTOTYPES = YES;
				CLANG_WARN_SUSPICIOUS_MOVE = YES;
				CLANG_WARN_UNGUARDED_AVAILABILITY = YES_AGGRESSIVE;
				CLANG_WARN_UNREACHABLE_CODE = YES;
				CLANG_WARN__DUPLICATE_METHOD_MATCH = YES;
				COPY_PHASE_STRIP = NO;
				DEBUG_INFORMATION_FORMAT = dwarf;
				ENABLE_STRICT_OBJC_MSGSEND = YES;
				ENABLE_TESTABILITY = YES;
				GCC_C_LANGUAGE_STANDARD = gnu11;
				GCC_DYNAMIC_NO_PIC = NO;
				GCC_NO_COMMON_BLOCKS = YES;
				GCC_OPTIMIZATION_LEVEL = 0;
				GCC_PREPROCESSOR_DEFINITIONS = (
					"DEBUG=1",
					"$(inherited)",
				);
				GCC_WARN_64_TO_32_BIT_CONVERSION = YES;
				GCC_WARN_ABOUT_RETURN_TYPE = YES_ERROR;
				GCC_WARN_UNDECLARED_SELECTOR = YES;
				GCC_WARN_UNINITIALIZED_AUTOS = YES_AGGRESSIVE;
				GCC_WARN_UNUSED_FUNCTION = YES;
				GCC_WARN_UNUSED_VARIABLE = YES;
				IPHONEOS_DEPLOYMENT_TARGET = 13.2;
				MTL_ENABLE_DEBUG_INFO = INCLUDE_SOURCE;
				MTL_FAST_MATH = YES;
				ONLY_ACTIVE_ARCH = YES;
				SDKROOT = iphoneos;
				SWIFT_ACTIVE_COMPILATION_CONDITIONS = DEBUG;
				SWIFT_OPTIMIZATION_LEVEL = "-Onone";
			};
			name = Debug;
		};
		236CF24E2401FD90005D4EA4 /* Release */ = {
			isa = XCBuildConfiguration;
			buildSettings = {
				ALWAYS_SEARCH_USER_PATHS = NO;
				CLANG_ANALYZER_NONNULL = YES;
				CLANG_ANALYZER_NUMBER_OBJECT_CONVERSION = YES_AGGRESSIVE;
				CLANG_CXX_LANGUAGE_STANDARD = "gnu++14";
				CLANG_CXX_LIBRARY = "libc++";
				CLANG_ENABLE_MODULES = YES;
				CLANG_ENABLE_OBJC_ARC = YES;
				CLANG_ENABLE_OBJC_WEAK = YES;
				CLANG_WARN_BLOCK_CAPTURE_AUTORELEASING = YES;
				CLANG_WARN_BOOL_CONVERSION = YES;
				CLANG_WARN_COMMA = YES;
				CLANG_WARN_CONSTANT_CONVERSION = YES;
				CLANG_WARN_DEPRECATED_OBJC_IMPLEMENTATIONS = YES;
				CLANG_WARN_DIRECT_OBJC_ISA_USAGE = YES_ERROR;
				CLANG_WARN_DOCUMENTATION_COMMENTS = YES;
				CLANG_WARN_EMPTY_BODY = YES;
				CLANG_WARN_ENUM_CONVERSION = YES;
				CLANG_WARN_INFINITE_RECURSION = YES;
				CLANG_WARN_INT_CONVERSION = YES;
				CLANG_WARN_NON_LITERAL_NULL_CONVERSION = YES;
				CLANG_WARN_OBJC_IMPLICIT_RETAIN_SELF = YES;
				CLANG_WARN_OBJC_LITERAL_CONVERSION = YES;
				CLANG_WARN_OBJC_ROOT_CLASS = YES_ERROR;
				CLANG_WARN_RANGE_LOOP_ANALYSIS = YES;
				CLANG_WARN_STRICT_PROTOTYPES = YES;
				CLANG_WARN_SUSPICIOUS_MOVE = YES;
				CLANG_WARN_UNGUARDED_AVAILABILITY = YES_AGGRESSIVE;
				CLANG_WARN_UNREACHABLE_CODE = YES;
				CLANG_WARN__DUPLICATE_METHOD_MATCH = YES;
				COPY_PHASE_STRIP = NO;
				DEBUG_INFORMATION_FORMAT = "dwarf-with-dsym";
				ENABLE_NS_ASSERTIONS = NO;
				ENABLE_STRICT_OBJC_MSGSEND = YES;
				GCC_C_LANGUAGE_STANDARD = gnu11;
				GCC_NO_COMMON_BLOCKS = YES;
				GCC_WARN_64_TO_32_BIT_CONVERSION = YES;
				GCC_WARN_ABOUT_RETURN_TYPE = YES_ERROR;
				GCC_WARN_UNDECLARED_SELECTOR = YES;
				GCC_WARN_UNINITIALIZED_AUTOS = YES_AGGRESSIVE;
				GCC_WARN_UNUSED_FUNCTION = YES;
				GCC_WARN_UNUSED_VARIABLE = YES;
				IPHONEOS_DEPLOYMENT_TARGET = 13.2;
				MTL_ENABLE_DEBUG_INFO = NO;
				MTL_FAST_MATH = YES;
				SDKROOT = iphoneos;
				SWIFT_COMPILATION_MODE = wholemodule;
				SWIFT_OPTIMIZATION_LEVEL = "-O";
				VALIDATE_PRODUCT = YES;
			};
			name = Release;
		};
		236CF2502401FD90005D4EA4 /* Debug */ = {
			isa = XCBuildConfiguration;
			buildSettings = {
				ASSETCATALOG_COMPILER_APPICON_NAME = AppIcon;
				CODE_SIGN_STYLE = Automatic;
				DEVELOPMENT_TEAM = CG83DPH532;
				INFOPLIST_FILE = Teste/Info.plist;
				LD_RUNPATH_SEARCH_PATHS = (
					"$(inherited)",
					"@executable_path/Frameworks",
				);
				PRODUCT_BUNDLE_IDENTIFIER = com.pauloricardo.Teste;
				PRODUCT_NAME = "$(TARGET_NAME)";
				SWIFT_VERSION = 5.0;
				TARGETED_DEVICE_FAMILY = "1,2";
			};
			name = Debug;
		};
		236CF2512401FD90005D4EA4 /* Release */ = {
			isa = XCBuildConfiguration;
			buildSettings = {
				ASSETCATALOG_COMPILER_APPICON_NAME = AppIcon;
				CODE_SIGN_STYLE = Automatic;
				DEVELOPMENT_TEAM = CG83DPH532;
				INFOPLIST_FILE = Teste/Info.plist;
				LD_RUNPATH_SEARCH_PATHS = (
					"$(inherited)",
					"@executable_path/Frameworks",
				);
				PRODUCT_BUNDLE_IDENTIFIER = com.pauloricardo.Teste;
				PRODUCT_NAME = "$(TARGET_NAME)";
				SWIFT_VERSION = 5.0;
				TARGETED_DEVICE_FAMILY = "1,2";
			};
			name = Release;
		};
/* End XCBuildConfiguration section */

/* Begin XCConfigurationList section */
		236CF2362401FD8B005D4EA4 /* Build configuration list for PBXProject "Teste" */ = {
			isa = XCConfigurationList;
			buildConfigurations = (
				236CF24D2401FD90005D4EA4 /* Debug */,
				236CF24E2401FD90005D4EA4 /* Release */,
			);
			defaultConfigurationIsVisible = 0;
			defaultConfigurationName = Release;
		};
		236CF24F2401FD90005D4EA4 /* Build configuration list for PBXNativeTarget "Teste" */ = {
			isa = XCConfigurationList;
			buildConfigurations = (
				236CF2502401FD90005D4EA4 /* Debug */,
				236CF2512401FD90005D4EA4 /* Release */,
			);
			defaultConfigurationIsVisible = 0;
			defaultConfigurationName = Release;
		};
/* End XCConfigurationList section */
	};
	rootObject = 236CF2332401FD8B005D4EA4 /* Project object */;
}
